
Microsoft Visual Studio Solution File, Format Version 12.00
# Visual Studio Version 16
VisualStudioVersion = 16.0.29020.237
MinimumVisualStudioVersion = 10.0.40219.1
Project("{FAE04EC0-301F-11D3-BF4B-00C04F79EFBC}") = "endoREG-MVC", "endoREG-MVC.csproj", "{ED65C6A3-F010-4B58-83A5-3E46361814CF}"
EndProject
Global
	GlobalSection(SolutionConfigurationPlatforms) = preSolution
		Debug|Any CPU = Debug|Any CPU
		Release|Any CPU = Release|Any CPU
	EndGlobalSection
	GlobalSection(ProjectConfigurationPlatforms) = postSolution
		{ED65C6A3-F010-4B58-83A5-3E46361814CF}.Debug|Any CPU.ActiveCfg = Debug|Any CPU
		{ED65C6A3-F010-4B58-83A5-3E46361814CF}.Debug|Any CPU.Build.0 = Debug|Any CPU
		{ED65C6A3-F010-4B58-83A5-3E46361814CF}.Release|Any CPU.ActiveCfg = Release|Any CPU
		{ED65C6A3-F010-4B58-83A5-3E46361814CF}.Release|Any CPU.Build.0 = Release|Any CPU
	EndGlobalSection
	GlobalSection(SolutionProperties) = preSolution
		HideSolutionNode = FALSE
	EndGlobalSection
	GlobalSection(ExtensibilityGlobals) = postSolution
		SolutionGuid = {01DD4174-8B7D-4F70-BAED-E93D7F6F3FDD}
	EndGlobalSection
EndGlobal
